<?xml version="1.0" encoding="utf-8"?>
<Project ToolsVersion="4.0" xmlns="http://schemas.microsoft.com/developer/msbuild/2003">
  <ItemGroup>
    <Filter Include="소스 파일">
      <UniqueIdentifier>{4FC737F1-C7A5-4376-A066-2A32D752A2FF}</UniqueIdentifier>
      <Extensions>cpp;c;cc;cxx;def;odl;idl;hpj;bat;asm;asmx</Extensions>
    </Filter>
    <Filter Include="헤더 파일">
      <UniqueIdentifier>{93995380-89BD-4b04-88EB-625FBE52EBFB}</UniqueIdentifier>
      <Extensions>h;hh;hpp;hxx;hm;inl;inc;xsd</Extensions>
    </Filter>
    <Filter Include="리소스 파일">
      <UniqueIdentifier>{67DA6AB6-F800-4c08-8B7A-83BB121AAD01}</UniqueIdentifier>
      <Extensions>rc;ico;cur;bmp;dlg;rc2;rct;bin;rgs;gif;jpg;jpeg;jpe;resx;tiff;tif;png;wav;mfcribbon-ms</Extensions>
    </Filter>
  </ItemGroup>
  <ItemGroup>
    <ClCompile Include="사칙연산.cpp">
      <Filter>소스 파일</Filter>
    </ClCompile>
    <ClCompile Include="cin객체.cpp">
      <Filter>소스 파일</Filter>
    </ClCompile>
    <ClCompile Include="기본 자료형 크기.cpp">
      <Filter>소스 파일</Filter>
    </ClCompile>
    <ClCompile Include="기본 자료형 범위.cpp">
      <Filter>소스 파일</Filter>
    </ClCompile>
    <ClCompile Include="형변환.cpp">
      <Filter>소스 파일</Filter>
    </ClCompile>
    <ClCompile Include="자료형변환.cpp">
      <Filter>소스 파일</Filter>
    </ClCompile>
    <ClCompile Include="자료형변환2.cpp">
      <Filter>소스 파일</Filter>
    </ClCompile>
    <ClCompile Include="전역,지역변수.cpp">
      <Filter>소스 파일</Filter>
    </ClCompile>
    <ClCompile Include="정적변수.cpp">
      <Filter>소스 파일</Filter>
    </ClCompile>
    <ClCompile Include="상수(const,define).cpp">
      <Filter>소스 파일</Filter>
    </ClCompile>
    <ClCompile Include="상수.cpp">
      <Filter>소스 파일</Filter>
    </ClCompile>
    <ClCompile Include="if(102p).cpp">
      <Filter>소스 파일</Filter>
    </ClCompile>
    <ClCompile Include="switch(104p).cpp">
      <Filter>소스 파일</Filter>
    </ClCompile>
    <ClCompile Include="for(107p).cpp">
      <Filter>소스 파일</Filter>
    </ClCompile>
    <ClCompile Include="for구구단(108p).cpp">
      <Filter>소스 파일</Filter>
    </ClCompile>
    <ClCompile Include="while구구단(110p).cpp">
      <Filter>소스 파일</Filter>
    </ClCompile>
    <ClCompile Include="continue(111p).cpp">
      <Filter>소스 파일</Filter>
    </ClCompile>
    <ClCompile Include="dowhile(113p).cpp">
      <Filter>소스 파일</Filter>
    </ClCompile>
    <ClCompile Include="if예제.cpp">
      <Filter>소스 파일</Filter>
    </ClCompile>
    <ClCompile Include="if예제2.cpp">
      <Filter>소스 파일</Filter>
    </ClCompile>
    <ClCompile Include="switch예제.cpp">
      <Filter>소스 파일</Filter>
    </ClCompile>
    <ClCompile Include="성적처리.cpp">
      <Filter>소스 파일</Filter>
    </ClCompile>
    <ClCompile Include="소수출력.cpp">
      <Filter>소스 파일</Filter>
    </ClCompile>
    <ClCompile Include="재밌는수.cpp">
      <Filter>소스 파일</Filter>
    </ClCompile>
    <ClCompile Include="돈.cpp">
      <Filter>소스 파일</Filter>
    </ClCompile>
    <ClCompile Include="포인터변수의 이용.cpp">
      <Filter>소스 파일</Filter>
    </ClCompile>
    <ClCompile Include="문자출력.cpp">
      <Filter>소스 파일</Filter>
    </ClCompile>
    <ClCompile Include="문자열 개수 출력.cpp">
      <Filter>소스 파일</Filter>
    </ClCompile>
    <ClCompile Include="const1.cpp">
      <Filter>소스 파일</Filter>
    </ClCompile>
    <ClCompile Include="const2.cpp">
      <Filter>소스 파일</Filter>
    </ClCompile>
    <ClCompile Include="배열의 첨자이용.cpp">
      <Filter>소스 파일</Filter>
    </ClCompile>
    <ClCompile Include="배열과포인터.cpp">
      <Filter>소스 파일</Filter>
    </ClCompile>
    <ClCompile Include="int형포인터연산.cpp">
      <Filter>소스 파일</Filter>
    </ClCompile>
    <ClCompile Include="다차원배열.cpp">
      <Filter>소스 파일</Filter>
    </ClCompile>
    <ClCompile Include="이차원배열.cpp">
      <Filter>소스 파일</Filter>
    </ClCompile>
    <ClCompile Include="다차원배열과포인터.cpp">
      <Filter>소스 파일</Filter>
    </ClCompile>
    <ClCompile Include="동적메모리할당.cpp">
      <Filter>소스 파일</Filter>
    </ClCompile>
    <ClCompile Include="p69.cpp">
      <Filter>소스 파일</Filter>
    </ClCompile>
    <ClCompile Include="p70_1.cpp">
      <Filter>소스 파일</Filter>
    </ClCompile>
    <ClCompile Include="p70_2.cpp">
      <Filter>소스 파일</Filter>
    </ClCompile>
    <ClCompile Include="p72.cpp">
      <Filter>소스 파일</Filter>
    </ClCompile>
    <ClCompile Include="p74.cpp">
      <Filter>소스 파일</Filter>
    </ClCompile>
    <ClCompile Include="p76.cpp">
      <Filter>소스 파일</Filter>
    </ClCompile>
    <ClCompile Include="소스.cpp">
      <Filter>소스 파일</Filter>
    </ClCompile>
    <ClCompile Include="p78.cpp">
      <Filter>소스 파일</Filter>
    </ClCompile>
    <ClCompile Include="p79_1.cpp">
      <Filter>소스 파일</Filter>
    </ClCompile>
    <ClCompile Include="p79_2.cpp">
      <Filter>소스 파일</Filter>
    </ClCompile>
    <ClCompile Include="p81.cpp">
      <Filter>소스 파일</Filter>
    </ClCompile>
    <ClCompile Include="p82.cpp">
      <Filter>소스 파일</Filter>
    </ClCompile>
    <ClCompile Include="p84.cpp">
      <Filter>소스 파일</Filter>
    </ClCompile>
    <ClCompile Include="p85.cpp">
      <Filter>소스 파일</Filter>
    </ClCompile>
    <ClCompile Include="p86.cpp">
      <Filter>소스 파일</Filter>
    </ClCompile>
  </ItemGroup>
</Project>